
Microsoft Visual Studio Solution File, Format Version 12.00
# Visual Studio Version 16
VisualStudioVersion = 16.0.31702.278
MinimumVisualStudioVersion = 10.0.40219.1
Project("{FAE04EC0-301F-11D3-BF4B-00C04F79EFBC}") = "Test-Calculator", "Test-Calculator\Test-Calculator.csproj", "{6A308C41-4AD2-4BCC-AB1E-CD87F47D89E3}"
EndProject
Project("{FAE04EC0-301F-11D3-BF4B-00C04F79EFBC}") = "Test-Calculator.Tests", "Test-Calculator.Tests\Test-Calculator.Tests.csproj", "{43E7B8B3-CEFE-4175-8E76-4500B0385921}"
EndProject
Global
	GlobalSection(SolutionConfigurationPlatforms) = preSolution
		Debug|Any CPU = Debug|Any CPU
		Release|Any CPU = Release|Any CPU
	EndGlobalSection
	GlobalSection(ProjectConfigurationPlatforms) = postSolution
		{6A308C41-4AD2-4BCC-AB1E-CD87F47D89E3}.Debug|Any CPU.ActiveCfg = Debug|Any CPU
		{6A308C41-4AD2-4BCC-AB1E-CD87F47D89E3}.Debug|Any CPU.Build.0 = Debug|Any CPU
		{6A308C41-4AD2-4BCC-AB1E-CD87F47D89E3}.Release|Any CPU.ActiveCfg = Release|Any CPU
		{6A308C41-4AD2-4BCC-AB1E-CD87F47D89E3}.Release|Any CPU.Build.0 = Release|Any CPU
		{43E7B8B3-CEFE-4175-8E76-4500B0385921}.Debug|Any CPU.ActiveCfg = Debug|Any CPU
		{43E7B8B3-CEFE-4175-8E76-4500B0385921}.Debug|Any CPU.Build.0 = Debug|Any CPU
		{43E7B8B3-CEFE-4175-8E76-4500B0385921}.Release|Any CPU.ActiveCfg = Release|Any CPU
		{43E7B8B3-CEFE-4175-8E76-4500B0385921}.Release|Any CPU.Build.0 = Release|Any CPU
	EndGlobalSection
	GlobalSection(SolutionProperties) = preSolution
		HideSolutionNode = FALSE
	EndGlobalSection
	GlobalSection(ExtensibilityGlobals) = postSolution
		SolutionGuid = {32E1DA15-2FB8-4077-8F41-5BA046584E25}
	EndGlobalSection
EndGlobal
